{"format_version":"1.0","terraform_version":"1.1.9","variables":{"ubuntu-latest-version":{"value":"fd8f1tik9a7ap9ik2dg1"},"yc_cloud_id":{"value":"b1gkltlcig08copnc8bc"},"yc_folder_id":{"value":"b1gjed8md31ldtt38dov"},"yc_sa_account":{"value":"b1gjed8md31ldtt38dov"},"yc_sa_key_path":{"value":"/home/ansakoy/hwtf1/key.json"},"yc_zone":{"value":"ru-central1-a"}},"planned_values":{"outputs":{"external_ip_address_node01_yandex_cloud":{"sensitive":false},"internal_ip_address_node01_yandex_cloud":{"sensitive":false},"subnet_id":{"sensitive":false},"yandex_account_id":{"sensitive":false,"value":"b1gjed8md31ldtt38dov"},"yandex_avail_zone":{"sensitive":false,"value":"ru-central1-a"},"yandex_user_id":{"sensitive":false,"value":"Т.к. это не AWS, кажется, имеет смысл только ID сервисного аккаунта"}},"root_module":{"resources":[{"address":"yandex_compute_instance.node00","mode":"managed","type":"yandex_compute_instance","name":"node00","provider_name":"registry.terraform.io/yandex-cloud/yandex","schema_version":1,"values":{"allow_recreate":null,"allow_stopping_for_update":true,"boot_disk":[{"auto_delete":true,"initialize_params":[{"image_id":"fd8f1tik9a7ap9ik2dg1","name":"root-node00","size":20,"type":"network-nvme"}]}],"description":"Инстанс для задания 7.2","hostname":"node00.devnet.cloud","labels":null,"local_disk":[],"metadata":{"ssh-keys":"ubuntu:ssh-ed25519 AAAAC3NzaC1lZDI1NTE5AAAAII2RSc+UgrCP+GO4iZsPHTsVXKAliAw0oJeQtSD9DrSW devnet-ed-key\n"},"name":"node00","network_acceleration_type":"standard","network_interface":[{"dns_record":[],"ipv4":true,"ipv6_dns_record":[],"nat":true,"nat_dns_record":[]}],"platform_id":"standard-v1","resources":[{"core_fraction":100,"cores":4,"gpus":null,"memory":4}],"secondary_disk":[],"timeouts":null,"zone":"ru-central1-a"},"sensitive_values":{"boot_disk":[{"initialize_params":[{}]}],"local_disk":[],"metadata":{},"network_interface":[{"dns_record":[],"ipv6_dns_record":[],"nat_dns_record":[],"security_group_ids":[]}],"placement_policy":[],"resources":[{}],"scheduling_policy":[],"secondary_disk":[]}},{"address":"yandex_vpc_network.default","mode":"managed","type":"yandex_vpc_network","name":"default","provider_name":"registry.terraform.io/yandex-cloud/yandex","schema_version":0,"values":{"description":null,"name":"yandex-network-72","timeouts":null},"sensitive_values":{"labels":{},"subnet_ids":[]}},{"address":"yandex_vpc_subnet.default","mode":"managed","type":"yandex_vpc_subnet","name":"default","provider_name":"registry.terraform.io/yandex-cloud/yandex","schema_version":0,"values":{"description":null,"dhcp_options":[],"name":"yandex-subnet-b","route_table_id":null,"timeouts":null,"v4_cidr_blocks":["192.168.101.0/24"],"zone":"ru-central1-a"},"sensitive_values":{"dhcp_options":[],"labels":{},"v4_cidr_blocks":[false],"v6_cidr_blocks":[]}}]}},"resource_changes":[{"address":"yandex_compute_instance.node00","mode":"managed","type":"yandex_compute_instance","name":"node00","provider_name":"registry.terraform.io/yandex-cloud/yandex","change":{"actions":["create"],"before":null,"after":{"allow_recreate":null,"allow_stopping_for_update":true,"boot_disk":[{"auto_delete":true,"initialize_params":[{"image_id":"fd8f1tik9a7ap9ik2dg1","name":"root-node00","size":20,"type":"network-nvme"}]}],"description":"Инстанс для задания 7.2","hostname":"node00.devnet.cloud","labels":null,"local_disk":[],"metadata":{"ssh-keys":"ubuntu:ssh-ed25519 AAAAC3NzaC1lZDI1NTE5AAAAII2RSc+UgrCP+GO4iZsPHTsVXKAliAw0oJeQtSD9DrSW devnet-ed-key\n"},"name":"node00","network_acceleration_type":"standard","network_interface":[{"dns_record":[],"ipv4":true,"ipv6_dns_record":[],"nat":true,"nat_dns_record":[]}],"platform_id":"standard-v1","resources":[{"core_fraction":100,"cores":4,"gpus":null,"memory":4}],"secondary_disk":[],"timeouts":null,"zone":"ru-central1-a"},"after_unknown":{"boot_disk":[{"device_name":true,"disk_id":true,"initialize_params":[{"block_size":true,"description":true,"snapshot_id":true}],"mode":true}],"created_at":true,"folder_id":true,"fqdn":true,"id":true,"local_disk":[],"metadata":{},"network_interface":[{"dns_record":[],"index":true,"ip_address":true,"ipv6":true,"ipv6_address":true,"ipv6_dns_record":[],"mac_address":true,"nat_dns_record":[],"nat_ip_address":true,"nat_ip_version":true,"security_group_ids":true,"subnet_id":true}],"placement_policy":true,"resources":[{}],"scheduling_policy":true,"secondary_disk":[],"service_account_id":true,"status":true},"before_sensitive":false,"after_sensitive":{"boot_disk":[{"initialize_params":[{}]}],"local_disk":[],"metadata":{},"network_interface":[{"dns_record":[],"ipv6_dns_record":[],"nat_dns_record":[],"security_group_ids":[]}],"placement_policy":[],"resources":[{}],"scheduling_policy":[],"secondary_disk":[]}}},{"address":"yandex_vpc_network.default","mode":"managed","type":"yandex_vpc_network","name":"default","provider_name":"registry.terraform.io/yandex-cloud/yandex","change":{"actions":["create"],"before":null,"after":{"description":null,"name":"yandex-network-72","timeouts":null},"after_unknown":{"created_at":true,"default_security_group_id":true,"folder_id":true,"id":true,"labels":true,"subnet_ids":true},"before_sensitive":false,"after_sensitive":{"labels":{},"subnet_ids":[]}}},{"address":"yandex_vpc_subnet.default","mode":"managed","type":"yandex_vpc_subnet","name":"default","provider_name":"registry.terraform.io/yandex-cloud/yandex","change":{"actions":["create"],"before":null,"after":{"description":null,"dhcp_options":[],"name":"yandex-subnet-b","route_table_id":null,"timeouts":null,"v4_cidr_blocks":["192.168.101.0/24"],"zone":"ru-central1-a"},"after_unknown":{"created_at":true,"dhcp_options":[],"folder_id":true,"id":true,"labels":true,"network_id":true,"v4_cidr_blocks":[false],"v6_cidr_blocks":true},"before_sensitive":false,"after_sensitive":{"dhcp_options":[],"labels":{},"v4_cidr_blocks":[false],"v6_cidr_blocks":[]}}}],"output_changes":{"external_ip_address_node01_yandex_cloud":{"actions":["create"],"before":null,"after_unknown":true,"before_sensitive":false,"after_sensitive":false},"internal_ip_address_node01_yandex_cloud":{"actions":["create"],"before":null,"after_unknown":true,"before_sensitive":false,"after_sensitive":false},"subnet_id":{"actions":["create"],"before":null,"after_unknown":true,"before_sensitive":false,"after_sensitive":false},"yandex_account_id":{"actions":["create"],"before":null,"after":"b1gjed8md31ldtt38dov","after_unknown":false,"before_sensitive":false,"after_sensitive":false},"yandex_avail_zone":{"actions":["create"],"before":null,"after":"ru-central1-a","after_unknown":false,"before_sensitive":false,"after_sensitive":false},"yandex_user_id":{"actions":["create"],"before":null,"after":"Т.к. это не AWS, кажется, имеет смысл только ID сервисного аккаунта","after_unknown":false,"before_sensitive":false,"after_sensitive":false}},"prior_state":{"format_version":"1.0","terraform_version":"1.1.9","values":{"outputs":{"yandex_account_id":{"sensitive":false,"value":"b1gjed8md31ldtt38dov"},"yandex_avail_zone":{"sensitive":false,"value":"ru-central1-a"},"yandex_user_id":{"sensitive":false,"value":"Т.к. это не AWS, кажется, имеет смысл только ID сервисного аккаунта"}},"root_module":{}}},"configuration":{"provider_config":{"yandex":{"name":"yandex","version_constraint":"~\u003e 0.70","expressions":{"cloud_id":{"references":["var.yc_cloud_id"]},"folder_id":{"references":["var.yc_folder_id"]},"service_account_key_file":{"references":["var.yc_sa_key_path"]},"zone":{"references":["var.yc_zone"]}}}},"root_module":{"outputs":{"external_ip_address_node01_yandex_cloud":{"expression":{"references":["yandex_compute_instance.node00.network_interface[0].nat_ip_address","yandex_compute_instance.node00.network_interface[0]","yandex_compute_instance.node00.network_interface","yandex_compute_instance.node00"]}},"internal_ip_address_node01_yandex_cloud":{"expression":{"references":["yandex_compute_instance.node00.network_interface[0].ip_address","yandex_compute_instance.node00.network_interface[0]","yandex_compute_instance.node00.network_interface","yandex_compute_instance.node00"]}},"subnet_id":{"expression":{"references":["yandex_compute_instance.node00.network_interface[0].subnet_id","yandex_compute_instance.node00.network_interface[0]","yandex_compute_instance.node00.network_interface","yandex_compute_instance.node00"]}},"yandex_account_id":{"expression":{"references":["var.yc_sa_account"]}},"yandex_avail_zone":{"expression":{"references":["var.yc_zone"]}},"yandex_user_id":{"expression":{"constant_value":"Т.к. это не AWS, кажется, имеет смысл только ID сервисного аккаунта"}}},"resources":[{"address":"yandex_compute_instance.node00","mode":"managed","type":"yandex_compute_instance","name":"node00","provider_config_key":"yandex","expressions":{"allow_stopping_for_update":{"constant_value":true},"boot_disk":[{"initialize_params":[{"image_id":{"references":["var.ubuntu-latest-version"]},"name":{"constant_value":"root-node00"},"size":{"constant_value":"20"},"type":{"constant_value":"network-nvme"}}]}],"description":{"constant_value":"Инстанс для задания 7.2"},"hostname":{"constant_value":"node00.devnet.cloud"},"metadata":{},"name":{"constant_value":"node00"},"network_interface":[{"nat":{"constant_value":true},"subnet_id":{"references":["yandex_vpc_subnet.default.id","yandex_vpc_subnet.default"]}}],"resources":[{"cores":{"constant_value":4},"memory":{"constant_value":4}}],"zone":{"references":["var.yc_zone"]}},"schema_version":1},{"address":"yandex_vpc_network.default","mode":"managed","type":"yandex_vpc_network","name":"default","provider_config_key":"yandex","expressions":{"name":{"constant_value":"yandex-network-72"}},"schema_version":0},{"address":"yandex_vpc_subnet.default","mode":"managed","type":"yandex_vpc_subnet","name":"default","provider_config_key":"yandex","expressions":{"name":{"constant_value":"yandex-subnet-b"},"network_id":{"references":["yandex_vpc_network.default.id","yandex_vpc_network.default"]},"v4_cidr_blocks":{"constant_value":["192.168.101.0/24"]},"zone":{"references":["var.yc_zone"]}},"schema_version":0}],"variables":{"ubuntu-latest-version":{"default":"fd8f1tik9a7ap9ik2dg1","description":"ID распоследнего образа ubuntu"},"yc_cloud_id":{"default":"b1gkltlcig08copnc8bc","description":"ID облака"},"yc_folder_id":{"default":"b1gjed8md31ldtt38dov","description":"ID каталога"},"yc_sa_account":{"default":"b1gjed8md31ldtt38dov","description":"ID сервисного аккаунта"},"yc_sa_key_path":{"default":"/home/ansakoy/hwtf1/key.json","description":"Путь к ключу сервисного аккаунта"},"yc_zone":{"default":"ru-central1-a","description":"Зона доступности"}}}}}
